
Microsoft Visual Studio Solution File, Format Version 12.00
# Visual Studio Version 17
VisualStudioVersion = 17.8.34511.84
MinimumVisualStudioVersion = 10.0.40219.1
Project("{9A19103F-16F7-4668-BE54-9A1E7A4F7556}") = "JSWebCourse.WebApi", "JSWebCourse.WebApi\JSWebCourse.WebApi.csproj", "{50D8B26E-2CD4-424A-A52E-66EAA1218F14}"
	ProjectSection(ProjectDependencies) = postProject
		{52E5E7D2-854C-4ACA-B397-2B50931A8450} = {52E5E7D2-854C-4ACA-B397-2B50931A8450}
	EndProjectSection
EndProject
Project("{9A19103F-16F7-4668-BE54-9A1E7A4F7556}") = "JSWebCourse.Models", "JSWebCourse.Models\JSWebCourse.Models.csproj", "{67530D7E-74D9-4E0B-B414-D9745E747BEB}"
EndProject
Project("{9A19103F-16F7-4668-BE54-9A1E7A4F7556}") = "JSWebCourse.Services", "JSWebCourse.Services\JSWebCourse.Services.csproj", "{52E5E7D2-854C-4ACA-B397-2B50931A8450}"
EndProject
Project("{9A19103F-16F7-4668-BE54-9A1E7A4F7556}") = "JSWebCourse.Data", "JSWebCourse.Data\JSWebCourse.Data.csproj", "{CFD09011-AFFF-40A0-86F2-E196E63E26EE}"
EndProject
Global
	GlobalSection(SolutionConfigurationPlatforms) = preSolution
		Debug|Any CPU = Debug|Any CPU
		Release|Any CPU = Release|Any CPU
	EndGlobalSection
	GlobalSection(ProjectConfigurationPlatforms) = postSolution
		{50D8B26E-2CD4-424A-A52E-66EAA1218F14}.Debug|Any CPU.ActiveCfg = Debug|Any CPU
		{50D8B26E-2CD4-424A-A52E-66EAA1218F14}.Debug|Any CPU.Build.0 = Debug|Any CPU
		{50D8B26E-2CD4-424A-A52E-66EAA1218F14}.Release|Any CPU.ActiveCfg = Release|Any CPU
		{50D8B26E-2CD4-424A-A52E-66EAA1218F14}.Release|Any CPU.Build.0 = Release|Any CPU
		{67530D7E-74D9-4E0B-B414-D9745E747BEB}.Debug|Any CPU.ActiveCfg = Debug|Any CPU
		{67530D7E-74D9-4E0B-B414-D9745E747BEB}.Debug|Any CPU.Build.0 = Debug|Any CPU
		{67530D7E-74D9-4E0B-B414-D9745E747BEB}.Release|Any CPU.ActiveCfg = Release|Any CPU
		{67530D7E-74D9-4E0B-B414-D9745E747BEB}.Release|Any CPU.Build.0 = Release|Any CPU
		{52E5E7D2-854C-4ACA-B397-2B50931A8450}.Debug|Any CPU.ActiveCfg = Debug|Any CPU
		{52E5E7D2-854C-4ACA-B397-2B50931A8450}.Debug|Any CPU.Build.0 = Debug|Any CPU
		{52E5E7D2-854C-4ACA-B397-2B50931A8450}.Release|Any CPU.ActiveCfg = Release|Any CPU
		{52E5E7D2-854C-4ACA-B397-2B50931A8450}.Release|Any CPU.Build.0 = Release|Any CPU
		{CFD09011-AFFF-40A0-86F2-E196E63E26EE}.Debug|Any CPU.ActiveCfg = Debug|Any CPU
		{CFD09011-AFFF-40A0-86F2-E196E63E26EE}.Debug|Any CPU.Build.0 = Debug|Any CPU
		{CFD09011-AFFF-40A0-86F2-E196E63E26EE}.Release|Any CPU.ActiveCfg = Release|Any CPU
		{CFD09011-AFFF-40A0-86F2-E196E63E26EE}.Release|Any CPU.Build.0 = Release|Any CPU
	EndGlobalSection
	GlobalSection(SolutionProperties) = preSolution
		HideSolutionNode = FALSE
	EndGlobalSection
	GlobalSection(ExtensibilityGlobals) = postSolution
		SolutionGuid = {2B3F5D70-0F42-4510-89C6-00471D1C9105}
	EndGlobalSection
EndGlobal
